
Microsoft Visual Studio Solution File, Format Version 12.00
# Visual Studio Version 16
VisualStudioVersion = 16.0.31410.357
MinimumVisualStudioVersion = 10.0.40219.1
Project("{FAE04EC0-301F-11D3-BF4B-00C04F79EFBC}") = "Practice 9", "Practice 9\Practice 9.csproj", "{73882A89-A645-40BB-AEA4-07E10E78837D}"
EndProject
Global
	GlobalSection(SolutionConfigurationPlatforms) = preSolution
		Debug|Any CPU = Debug|Any CPU
		Release|Any CPU = Release|Any CPU
	EndGlobalSection
	GlobalSection(ProjectConfigurationPlatforms) = postSolution
		{73882A89-A645-40BB-AEA4-07E10E78837D}.Debug|Any CPU.ActiveCfg = Debug|Any CPU
		{73882A89-A645-40BB-AEA4-07E10E78837D}.Debug|Any CPU.Build.0 = Debug|Any CPU
		{73882A89-A645-40BB-AEA4-07E10E78837D}.Release|Any CPU.ActiveCfg = Release|Any CPU
		{73882A89-A645-40BB-AEA4-07E10E78837D}.Release|Any CPU.Build.0 = Release|Any CPU
	EndGlobalSection
	GlobalSection(SolutionProperties) = preSolution
		HideSolutionNode = FALSE
	EndGlobalSection
	GlobalSection(ExtensibilityGlobals) = postSolution
		SolutionGuid = {922E9765-5EB0-4F1D-9AE9-9424DEADF9F9}
	EndGlobalSection
EndGlobal
